// !$*UTF8*$!
{
	archiveVersion = 1;
	classes = {
	};
	objectVersion = 77;
	objects = {

/* Begin PBXBuildFile section */
		0B4E42A9ED4D9AB888F358A1 /* FallbackMetadataProviderTests.swift in Sources */ = {isa = PBXBuildFile; fileRef = E2CAE29C21CABA7AB9290604 /* FallbackMetadataProviderTests.swift */; };
		0D05CD7BB8F7734D729BF02F /* DetailView.swift in Sources */ = {isa = PBXBuildFile; fileRef = 275F4EDE961A70E2985A5397 /* DetailView.swift */; };
		0EF1AD10B1431FCB43024501 /* IdentifierParser.swift in Sources */ = {isa = PBXBuildFile; fileRef = 9797405ECDADDBE17F9F76B1 /* IdentifierParser.swift */; };
		1503CF399738BB43C8B58367 /* PaperTests.swift in Sources */ = {isa = PBXBuildFile; fileRef = E6DBDF3669E73FF302194E21 /* PaperTests.swift */; };
		16DE6310023701284FA2747D /* LibraryConfig.swift in Sources */ = {isa = PBXBuildFile; fileRef = 54DA00819856E73CE52AF240 /* LibraryConfig.swift */; };
		4221DBD7BD0060BCB9CC07FB /* PapyroApp.swift in Sources */ = {isa = PBXBuildFile; fileRef = A4E1F7C2F1BC78C5A50676D1 /* PapyroApp.swift */; };
		4D737F16735924A6C094AF5B /* FileService.swift in Sources */ = {isa = PBXBuildFile; fileRef = 05782C32F039B5DDB1819BC0 /* FileService.swift */; };
		52DB4C091DF24E52CFF764CC /* LibraryManager.swift in Sources */ = {isa = PBXBuildFile; fileRef = 73CDCCAA12AB6F37360FF055 /* LibraryManager.swift */; };
		5E76603522514850231A7513 /* SemanticScholarProvider.swift in Sources */ = {isa = PBXBuildFile; fileRef = A477238CB647625010D6AB47 /* SemanticScholarProvider.swift */; };
		627423BE04F642376F255E8F /* CrossRefProvider.swift in Sources */ = {isa = PBXBuildFile; fileRef = DE54B388993575DF40E5F8DA /* CrossRefProvider.swift */; };
		63586F658F0BE35C45B0E26D /* PaperRowView.swift in Sources */ = {isa = PBXBuildFile; fileRef = B29C5E5BFB8680A05980B7DD /* PaperRowView.swift */; };
		63AE594589C29B477AFD2AED /* LibraryConfigTests.swift in Sources */ = {isa = PBXBuildFile; fileRef = D7A3E6BF31E88C56F44F74EC /* LibraryConfigTests.swift */; };
		6E2CADF80197570ACD684891 /* AppState.swift in Sources */ = {isa = PBXBuildFile; fileRef = 172241C07BD1391037A63260 /* AppState.swift */; };
		6F129F8EE62A52E1E70D8B4B /* WelcomeView.swift in Sources */ = {isa = PBXBuildFile; fileRef = 9746654F87B517A2AC26E87C /* WelcomeView.swift */; };
		714DFEE6266E57DFA91B82B6 /* ImportCoordinatorTests.swift in Sources */ = {isa = PBXBuildFile; fileRef = E5E7F4EF35D29CB88694026F /* ImportCoordinatorTests.swift */; };
		AEF9CBDB11154820A2BD0B9C /* PendingResolutionTests.swift in Sources */ = {isa = PBXBuildFile; fileRef = 480AEFAA042A4D74B90FDD60 /* PendingResolutionTests.swift */; };
		77E77352249518E245CCA518 /* ImportCoordinator.swift in Sources */ = {isa = PBXBuildFile; fileRef = B19401F37547D61F3929C138 /* ImportCoordinator.swift */; };
		7B35EC4AE92E02879A635CE4 /* TextExtractorTests.swift in Sources */ = {isa = PBXBuildFile; fileRef = 63E3F95A82BB697D90277F44 /* TextExtractorTests.swift */; };
		7DC679C915DD8F5F8082A3CF /* FileServiceTests.swift in Sources */ = {isa = PBXBuildFile; fileRef = D9721DDADC1DD04AC410A351 /* FileServiceTests.swift */; };
		92FA9586FD273C216ECEA8A6 /* LibraryManagerTests.swift in Sources */ = {isa = PBXBuildFile; fileRef = 6B23819B93A6201B5BF29B52 /* LibraryManagerTests.swift */; };
		94DFDCA77A8BE173BE1CE4EA /* MetadataProvider.swift in Sources */ = {isa = PBXBuildFile; fileRef = 261260533852D188CFD9AE05 /* MetadataProvider.swift */; };
		9CE48DBC792584BA1D4A4AC1 /* FallbackMetadataProvider.swift in Sources */ = {isa = PBXBuildFile; fileRef = 5BA9C8B8548DF1273C90A79F /* FallbackMetadataProvider.swift */; };
		9D490A2E8F9B00121FD8A063 /* PaperListView.swift in Sources */ = {isa = PBXBuildFile; fileRef = 739EF212CF15925716D4EC17 /* PaperListView.swift */; };
		A12210850766FC9BF3A8C544 /* TextExtractor.swift in Sources */ = {isa = PBXBuildFile; fileRef = D27710A85129BE25D8A4FDDF /* TextExtractor.swift */; };
		A37ADF65685C9E514D5654B1 /* MainView.swift in Sources */ = {isa = PBXBuildFile; fileRef = 452366A8585AE43A4C7741D2 /* MainView.swift */; };
		A3BCB5FC6C0862A446EA8197 /* SidebarView.swift in Sources */ = {isa = PBXBuildFile; fileRef = 5BEC69C456F1220512522FC5 /* SidebarView.swift */; };
		AE1ACEBFAA556ACADBA63079 /* IdentifierParserTests.swift in Sources */ = {isa = PBXBuildFile; fileRef = 04ACDA8F81DD3E0A6042825F /* IdentifierParserTests.swift */; };
		B2F59B298CD5FD0A04244E4A /* TranslationServerProvider.swift in Sources */ = {isa = PBXBuildFile; fileRef = DBBA0D6387E4919188A5BADF /* TranslationServerProvider.swift */; };
		D39C0E7DE291C86A03A9EF31 /* Paper.swift in Sources */ = {isa = PBXBuildFile; fileRef = 2F4933E4C5E3BD5CA290238F /* Paper.swift */; };
		DF14EB6193DABC7414C887DD /* PaperMetadata.swift in Sources */ = {isa = PBXBuildFile; fileRef = DCE9D51B63D0BC602CE01BE1 /* PaperMetadata.swift */; };
		297174F53086436EB72F1E31 /* Project.swift in Sources */ = {isa = PBXBuildFile; fileRef = 5C88D19A2BF84EE3A0ACC199 /* Project.swift */; };
		01964181FBAD40F29881E967 /* ProjectTests.swift in Sources */ = {isa = PBXBuildFile; fileRef = 128790C632414A34AEBFE78D /* ProjectTests.swift */; };
		FCC7EE5C9487490D885B9ED5 /* SymlinkService.swift in Sources */ = {isa = PBXBuildFile; fileRef = 4394B1F3326147109869AFFB /* SymlinkService.swift */; };
		29DA84B1368A41D795D71DD4 /* SymlinkServiceTests.swift in Sources */ = {isa = PBXBuildFile; fileRef = 94A2E4B393074397B21AB665 /* SymlinkServiceTests.swift */; };
		D9C40E306EBC492D8CEE9B9B /* SidebarItem.swift in Sources */ = {isa = PBXBuildFile; fileRef = E0D9279949624E22BC62DC79 /* SidebarItem.swift */; };
		7CA0F840A3AF4125B74C9235 /* PaperColumn.swift in Sources */ = {isa = PBXBuildFile; fileRef = 06CCFC212EE34A61A8452F16 /* PaperColumn.swift */; };
		F34E149EA7959B0F9F784DD4 /* IndexServiceTests.swift in Sources */ = {isa = PBXBuildFile; fileRef = 4215939B6D341C8E80B4312C /* IndexServiceTests.swift */; };
		FB4685DB4F1D81A0540D5C72 /* IndexService.swift in Sources */ = {isa = PBXBuildFile; fileRef = 25A14AD3020A52A1B1E2C9E1 /* IndexService.swift */; };
		CFD3A612789F4BB5A36F85B6 /* ProjectService.swift in Sources */ = {isa = PBXBuildFile; fileRef = 2E2E1CE7ECDA40C5909754EB /* ProjectService.swift */; };
		2F1EFB32C84C469CBFBDBCCC /* ProjectServiceTests.swift in Sources */ = {isa = PBXBuildFile; fileRef = F04B6B12FEFB470A8365A14D /* ProjectServiceTests.swift */; };
		13DF90BD37D14E4DA27E0EED /* ProjectChipsView.swift in Sources */ = {isa = PBXBuildFile; fileRef = 4C3BFC92E99B4A6BAA4B9B76 /* ProjectChipsView.swift */; };
		7A786A94B6544D23ACBA0D84 /* ManagedSymlink.swift in Sources */ = {isa = PBXBuildFile; fileRef = 9016722AEF674847BD450D34 /* ManagedSymlink.swift */; };
		FE7D2945AB874478800FB0A3 /* NoteGenerator.swift in Sources */ = {isa = PBXBuildFile; fileRef = 50EDBA2F4DDB49C4BD4DFB37 /* NoteGenerator.swift */; };
		84BBD87AA2DA43C18EE585C2 /* NoteGeneratorTests.swift in Sources */ = {isa = PBXBuildFile; fileRef = CD36C3C0C1D1432CB71D4C41 /* NoteGeneratorTests.swift */; };
		3B1C2D4E5F6A7B8C9D0E1F2A /* ManagedSymlinkService.swift in Sources */ = {isa = PBXBuildFile; fileRef = 1A2B3C4D5E6F7A8B9C0D1E2F /* ManagedSymlinkService.swift */; };
		4C5D6E7F8A9B0C1D2E3F4A5B /* ManagedSymlinkServiceTests.swift in Sources */ = {isa = PBXBuildFile; fileRef = 5B6C7D8E9F0A1B2C3D4E5F6A /* ManagedSymlinkServiceTests.swift */; };
		6D7E8F9A0B1C2D3E4F5A6B7C /* SettingsView.swift in Sources */ = {isa = PBXBuildFile; fileRef = 7C8D9E0F1A2B3C4D5E6F7A8B /* SettingsView.swift */; };
		AA11223344556677889900AB /* FileSystemWatcher.swift in Sources */ = {isa = PBXBuildFile; fileRef = BB11223344556677889900AB /* FileSystemWatcher.swift */; };
		CC11223344556677889900AB /* FileSystemWatcherTests.swift in Sources */ = {isa = PBXBuildFile; fileRef = DD11223344556677889900AB /* FileSystemWatcherTests.swift */; };
		EE11223344556677889900AB /* ExternalChangeCoordinator.swift in Sources */ = {isa = PBXBuildFile; fileRef = FF11223344556677889900AB /* ExternalChangeCoordinator.swift */; };
		EF11223344556677889900AB /* ExternalChangeCoordinatorTests.swift in Sources */ = {isa = PBXBuildFile; fileRef = FA11223344556677889900AB /* ExternalChangeCoordinatorTests.swift */; };
/* End PBXBuildFile section */

/* Begin PBXContainerItemProxy section */
		DDE031B62D7D376F8AEAC0DF /* PBXContainerItemProxy */ = {
			isa = PBXContainerItemProxy;
			containerPortal = BC5456D28E60D20546816EA4 /* Project object */;
			proxyType = 1;
			remoteGlobalIDString = 3200FBD69376141E779AEC44;
			remoteInfo = Papyro;
		};
/* End PBXContainerItemProxy section */

/* Begin PBXFileReference section */
		04ACDA8F81DD3E0A6042825F /* IdentifierParserTests.swift */ = {isa = PBXFileReference; lastKnownFileType = sourcecode.swift; path = IdentifierParserTests.swift; sourceTree = "<group>"; };
		05782C32F039B5DDB1819BC0 /* FileService.swift */ = {isa = PBXFileReference; lastKnownFileType = sourcecode.swift; path = FileService.swift; sourceTree = "<group>"; };
		172241C07BD1391037A63260 /* AppState.swift */ = {isa = PBXFileReference; lastKnownFileType = sourcecode.swift; path = AppState.swift; sourceTree = "<group>"; };
		25A14AD3020A52A1B1E2C9E1 /* IndexService.swift */ = {isa = PBXFileReference; lastKnownFileType = sourcecode.swift; path = IndexService.swift; sourceTree = "<group>"; };
		261260533852D188CFD9AE05 /* MetadataProvider.swift */ = {isa = PBXFileReference; lastKnownFileType = sourcecode.swift; path = MetadataProvider.swift; sourceTree = "<group>"; };
		275F4EDE961A70E2985A5397 /* DetailView.swift */ = {isa = PBXFileReference; lastKnownFileType = sourcecode.swift; path = DetailView.swift; sourceTree = "<group>"; };
		2F4933E4C5E3BD5CA290238F /* Paper.swift */ = {isa = PBXFileReference; lastKnownFileType = sourcecode.swift; path = Paper.swift; sourceTree = "<group>"; };
		5C88D19A2BF84EE3A0ACC199 /* Project.swift */ = {isa = PBXFileReference; lastKnownFileType = sourcecode.swift; path = Project.swift; sourceTree = "<group>"; };
		128790C632414A34AEBFE78D /* ProjectTests.swift */ = {isa = PBXFileReference; lastKnownFileType = sourcecode.swift; path = ProjectTests.swift; sourceTree = "<group>"; };
		4215939B6D341C8E80B4312C /* IndexServiceTests.swift */ = {isa = PBXFileReference; lastKnownFileType = sourcecode.swift; path = IndexServiceTests.swift; sourceTree = "<group>"; };
		452366A8585AE43A4C7741D2 /* MainView.swift */ = {isa = PBXFileReference; lastKnownFileType = sourcecode.swift; path = MainView.swift; sourceTree = "<group>"; };
		54DA00819856E73CE52AF240 /* LibraryConfig.swift */ = {isa = PBXFileReference; lastKnownFileType = sourcecode.swift; path = LibraryConfig.swift; sourceTree = "<group>"; };
		5BA9C8B8548DF1273C90A79F /* FallbackMetadataProvider.swift */ = {isa = PBXFileReference; lastKnownFileType = sourcecode.swift; path = FallbackMetadataProvider.swift; sourceTree = "<group>"; };
		5BEC69C456F1220512522FC5 /* SidebarView.swift */ = {isa = PBXFileReference; lastKnownFileType = sourcecode.swift; path = SidebarView.swift; sourceTree = "<group>"; };
		63E3F95A82BB697D90277F44 /* TextExtractorTests.swift */ = {isa = PBXFileReference; lastKnownFileType = sourcecode.swift; path = TextExtractorTests.swift; sourceTree = "<group>"; };
		6B23819B93A6201B5BF29B52 /* LibraryManagerTests.swift */ = {isa = PBXFileReference; lastKnownFileType = sourcecode.swift; path = LibraryManagerTests.swift; sourceTree = "<group>"; };
		739EF212CF15925716D4EC17 /* PaperListView.swift */ = {isa = PBXFileReference; lastKnownFileType = sourcecode.swift; path = PaperListView.swift; sourceTree = "<group>"; };
		73CDCCAA12AB6F37360FF055 /* LibraryManager.swift */ = {isa = PBXFileReference; lastKnownFileType = sourcecode.swift; path = LibraryManager.swift; sourceTree = "<group>"; };
		77805105CEDE1F8E7CD1C0D7 /* Papyro.app */ = {isa = PBXFileReference; explicitFileType = wrapper.application; includeInIndex = 0; path = Papyro.app; sourceTree = BUILT_PRODUCTS_DIR; };
		912C7E378D53C7A5731D3CDF /* PapyroTests.xctest */ = {isa = PBXFileReference; explicitFileType = wrapper.cfbundle; includeInIndex = 0; path = PapyroTests.xctest; sourceTree = BUILT_PRODUCTS_DIR; };
		9746654F87B517A2AC26E87C /* WelcomeView.swift */ = {isa = PBXFileReference; lastKnownFileType = sourcecode.swift; path = WelcomeView.swift; sourceTree = "<group>"; };
		9797405ECDADDBE17F9F76B1 /* IdentifierParser.swift */ = {isa = PBXFileReference; lastKnownFileType = sourcecode.swift; path = IdentifierParser.swift; sourceTree = "<group>"; };
		A477238CB647625010D6AB47 /* SemanticScholarProvider.swift */ = {isa = PBXFileReference; lastKnownFileType = sourcecode.swift; path = SemanticScholarProvider.swift; sourceTree = "<group>"; };
		A4E1F7C2F1BC78C5A50676D1 /* PapyroApp.swift */ = {isa = PBXFileReference; lastKnownFileType = sourcecode.swift; path = PapyroApp.swift; sourceTree = "<group>"; };
		E0D9279949624E22BC62DC79 /* SidebarItem.swift */ = {isa = PBXFileReference; lastKnownFileType = sourcecode.swift; path = SidebarItem.swift; sourceTree = "<group>"; };
		06CCFC212EE34A61A8452F16 /* PaperColumn.swift */ = {isa = PBXFileReference; lastKnownFileType = sourcecode.swift; path = PaperColumn.swift; sourceTree = "<group>"; };
		B19401F37547D61F3929C138 /* ImportCoordinator.swift */ = {isa = PBXFileReference; lastKnownFileType = sourcecode.swift; path = ImportCoordinator.swift; sourceTree = "<group>"; };
		B29C5E5BFB8680A05980B7DD /* PaperRowView.swift */ = {isa = PBXFileReference; lastKnownFileType = sourcecode.swift; path = PaperRowView.swift; sourceTree = "<group>"; };
		D27710A85129BE25D8A4FDDF /* TextExtractor.swift */ = {isa = PBXFileReference; lastKnownFileType = sourcecode.swift; path = TextExtractor.swift; sourceTree = "<group>"; };
		D7A3E6BF31E88C56F44F74EC /* LibraryConfigTests.swift */ = {isa = PBXFileReference; lastKnownFileType = sourcecode.swift; path = LibraryConfigTests.swift; sourceTree = "<group>"; };
		D9721DDADC1DD04AC410A351 /* FileServiceTests.swift */ = {isa = PBXFileReference; lastKnownFileType = sourcecode.swift; path = FileServiceTests.swift; sourceTree = "<group>"; };
		DBBA0D6387E4919188A5BADF /* TranslationServerProvider.swift */ = {isa = PBXFileReference; lastKnownFileType = sourcecode.swift; path = TranslationServerProvider.swift; sourceTree = "<group>"; };
		DCE9D51B63D0BC602CE01BE1 /* PaperMetadata.swift */ = {isa = PBXFileReference; lastKnownFileType = sourcecode.swift; path = PaperMetadata.swift; sourceTree = "<group>"; };
		DE54B388993575DF40E5F8DA /* CrossRefProvider.swift */ = {isa = PBXFileReference; lastKnownFileType = sourcecode.swift; path = CrossRefProvider.swift; sourceTree = "<group>"; };
		E2CAE29C21CABA7AB9290604 /* FallbackMetadataProviderTests.swift */ = {isa = PBXFileReference; lastKnownFileType = sourcecode.swift; path = FallbackMetadataProviderTests.swift; sourceTree = "<group>"; };
		E5E7F4EF35D29CB88694026F /* ImportCoordinatorTests.swift */ = {isa = PBXFileReference; lastKnownFileType = sourcecode.swift; path = ImportCoordinatorTests.swift; sourceTree = "<group>"; };
		480AEFAA042A4D74B90FDD60 /* PendingResolutionTests.swift */ = {isa = PBXFileReference; lastKnownFileType = sourcecode.swift; path = PendingResolutionTests.swift; sourceTree = "<group>"; };
		4394B1F3326147109869AFFB /* SymlinkService.swift */ = {isa = PBXFileReference; lastKnownFileType = sourcecode.swift; path = SymlinkService.swift; sourceTree = "<group>"; };
		94A2E4B393074397B21AB665 /* SymlinkServiceTests.swift */ = {isa = PBXFileReference; lastKnownFileType = sourcecode.swift; path = SymlinkServiceTests.swift; sourceTree = "<group>"; };
		E6DBDF3669E73FF302194E21 /* PaperTests.swift */ = {isa = PBXFileReference; lastKnownFileType = sourcecode.swift; path = PaperTests.swift; sourceTree = "<group>"; };
		2E2E1CE7ECDA40C5909754EB /* ProjectService.swift */ = {isa = PBXFileReference; lastKnownFileType = sourcecode.swift; path = ProjectService.swift; sourceTree = "<group>"; };
		F04B6B12FEFB470A8365A14D /* ProjectServiceTests.swift */ = {isa = PBXFileReference; lastKnownFileType = sourcecode.swift; path = ProjectServiceTests.swift; sourceTree = "<group>"; };
		4C3BFC92E99B4A6BAA4B9B76 /* ProjectChipsView.swift */ = {isa = PBXFileReference; lastKnownFileType = sourcecode.swift; path = ProjectChipsView.swift; sourceTree = "<group>"; };
		9016722AEF674847BD450D34 /* ManagedSymlink.swift */ = {isa = PBXFileReference; lastKnownFileType = sourcecode.swift; path = ManagedSymlink.swift; sourceTree = "<group>"; };
		50EDBA2F4DDB49C4BD4DFB37 /* NoteGenerator.swift */ = {isa = PBXFileReference; lastKnownFileType = sourcecode.swift; path = NoteGenerator.swift; sourceTree = "<group>"; };
		CD36C3C0C1D1432CB71D4C41 /* NoteGeneratorTests.swift */ = {isa = PBXFileReference; lastKnownFileType = sourcecode.swift; path = NoteGeneratorTests.swift; sourceTree = "<group>"; };
		1A2B3C4D5E6F7A8B9C0D1E2F /* ManagedSymlinkService.swift */ = {isa = PBXFileReference; lastKnownFileType = sourcecode.swift; path = ManagedSymlinkService.swift; sourceTree = "<group>"; };
		5B6C7D8E9F0A1B2C3D4E5F6A /* ManagedSymlinkServiceTests.swift */ = {isa = PBXFileReference; lastKnownFileType = sourcecode.swift; path = ManagedSymlinkServiceTests.swift; sourceTree = "<group>"; };
		7C8D9E0F1A2B3C4D5E6F7A8B /* SettingsView.swift */ = {isa = PBXFileReference; lastKnownFileType = sourcecode.swift; path = SettingsView.swift; sourceTree = "<group>"; };
		BB11223344556677889900AB /* FileSystemWatcher.swift */ = {isa = PBXFileReference; lastKnownFileType = sourcecode.swift; path = FileSystemWatcher.swift; sourceTree = "<group>"; };
		DD11223344556677889900AB /* FileSystemWatcherTests.swift */ = {isa = PBXFileReference; lastKnownFileType = sourcecode.swift; path = FileSystemWatcherTests.swift; sourceTree = "<group>"; };
		FF11223344556677889900AB /* ExternalChangeCoordinator.swift */ = {isa = PBXFileReference; lastKnownFileType = sourcecode.swift; path = ExternalChangeCoordinator.swift; sourceTree = "<group>"; };
		FA11223344556677889900AB /* ExternalChangeCoordinatorTests.swift */ = {isa = PBXFileReference; lastKnownFileType = sourcecode.swift; path = ExternalChangeCoordinatorTests.swift; sourceTree = "<group>"; };
/* End PBXFileReference section */

/* Begin PBXGroup section */
		08A3B5FCBF00513059B41F33 /* Products */ = {
			isa = PBXGroup;
			children = (
				77805105CEDE1F8E7CD1C0D7 /* Papyro.app */,
				912C7E378D53C7A5731D3CDF /* PapyroTests.xctest */,
			);
			name = Products;
			sourceTree = "<group>";
		};
		3D709BC8EF9E5E26DB9197AA = {
			isa = PBXGroup;
			children = (
				87208E8A83A51280C9254360 /* Papyro */,
				D70123C1A100F0385F166B6D /* PapyroTests */,
				08A3B5FCBF00513059B41F33 /* Products */,
			);
			sourceTree = "<group>";
		};
		87208E8A83A51280C9254360 /* Papyro */ = {
			isa = PBXGroup;
			children = (
				A4E1F7C2F1BC78C5A50676D1 /* PapyroApp.swift */,
				E775C52FBE2EB1BBF078C01F /* Models */,
				E72AA17CD4538D4531CEFC8A /* Services */,
				A4D14C89F36FAF028C1F4FF1 /* Views */,
			);
			path = Papyro;
			sourceTree = "<group>";
		};
		A4D14C89F36FAF028C1F4FF1 /* Views */ = {
			isa = PBXGroup;
			children = (
				275F4EDE961A70E2985A5397 /* DetailView.swift */,
				452366A8585AE43A4C7741D2 /* MainView.swift */,
				739EF212CF15925716D4EC17 /* PaperListView.swift */,
				B29C5E5BFB8680A05980B7DD /* PaperRowView.swift */,
				4C3BFC92E99B4A6BAA4B9B76 /* ProjectChipsView.swift */,
				5BEC69C456F1220512522FC5 /* SidebarView.swift */,
				7C8D9E0F1A2B3C4D5E6F7A8B /* SettingsView.swift */,
				9746654F87B517A2AC26E87C /* WelcomeView.swift */,
			);
			path = Views;
			sourceTree = "<group>";
		};
		D70123C1A100F0385F166B6D /* PapyroTests */ = {
			isa = PBXGroup;
			children = (
				E2CAE29C21CABA7AB9290604 /* FallbackMetadataProviderTests.swift */,
				D9721DDADC1DD04AC410A351 /* FileServiceTests.swift */,
				04ACDA8F81DD3E0A6042825F /* IdentifierParserTests.swift */,
				E5E7F4EF35D29CB88694026F /* ImportCoordinatorTests.swift */,
				480AEFAA042A4D74B90FDD60 /* PendingResolutionTests.swift */,
				4215939B6D341C8E80B4312C /* IndexServiceTests.swift */,
				D7A3E6BF31E88C56F44F74EC /* LibraryConfigTests.swift */,
				6B23819B93A6201B5BF29B52 /* LibraryManagerTests.swift */,
				E6DBDF3669E73FF302194E21 /* PaperTests.swift */,
				128790C632414A34AEBFE78D /* ProjectTests.swift */,
				F04B6B12FEFB470A8365A14D /* ProjectServiceTests.swift */,
				94A2E4B393074397B21AB665 /* SymlinkServiceTests.swift */,
				63E3F95A82BB697D90277F44 /* TextExtractorTests.swift */,
				CD36C3C0C1D1432CB71D4C41 /* NoteGeneratorTests.swift */,
				5B6C7D8E9F0A1B2C3D4E5F6A /* ManagedSymlinkServiceTests.swift */,
				DD11223344556677889900AB /* FileSystemWatcherTests.swift */,
				FA11223344556677889900AB /* ExternalChangeCoordinatorTests.swift */,
			);
			path = PapyroTests;
			sourceTree = "<group>";
		};
		E72AA17CD4538D4531CEFC8A /* Services */ = {
			isa = PBXGroup;
			children = (
				DE54B388993575DF40E5F8DA /* CrossRefProvider.swift */,
				5BA9C8B8548DF1273C90A79F /* FallbackMetadataProvider.swift */,
				05782C32F039B5DDB1819BC0 /* FileService.swift */,
				9797405ECDADDBE17F9F76B1 /* IdentifierParser.swift */,
				B19401F37547D61F3929C138 /* ImportCoordinator.swift */,
				25A14AD3020A52A1B1E2C9E1 /* IndexService.swift */,
				73CDCCAA12AB6F37360FF055 /* LibraryManager.swift */,
				2E2E1CE7ECDA40C5909754EB /* ProjectService.swift */,
				261260533852D188CFD9AE05 /* MetadataProvider.swift */,
				A477238CB647625010D6AB47 /* SemanticScholarProvider.swift */,
				4394B1F3326147109869AFFB /* SymlinkService.swift */,
				D27710A85129BE25D8A4FDDF /* TextExtractor.swift */,
				DBBA0D6387E4919188A5BADF /* TranslationServerProvider.swift */,
				50EDBA2F4DDB49C4BD4DFB37 /* NoteGenerator.swift */,
				1A2B3C4D5E6F7A8B9C0D1E2F /* ManagedSymlinkService.swift */,
				BB11223344556677889900AB /* FileSystemWatcher.swift */,
				FF11223344556677889900AB /* ExternalChangeCoordinator.swift */,
			);
			path = Services;
			sourceTree = "<group>";
		};
		E775C52FBE2EB1BBF078C01F /* Models */ = {
			isa = PBXGroup;
			children = (
				172241C07BD1391037A63260 /* AppState.swift */,
				54DA00819856E73CE52AF240 /* LibraryConfig.swift */,
				9016722AEF674847BD450D34 /* ManagedSymlink.swift */,
				2F4933E4C5E3BD5CA290238F /* Paper.swift */,
				DCE9D51B63D0BC602CE01BE1 /* PaperMetadata.swift */,
				5C88D19A2BF84EE3A0ACC199 /* Project.swift */,
				06CCFC212EE34A61A8452F16 /* PaperColumn.swift */,
				E0D9279949624E22BC62DC79 /* SidebarItem.swift */,
			);
			path = Models;
			sourceTree = "<group>";
		};
/* End PBXGroup section */

/* Begin PBXNativeTarget section */
		3200FBD69376141E779AEC44 /* Papyro */ = {
			isa = PBXNativeTarget;
			buildConfigurationList = 5D391A081230475E56A13C66 /* Build configuration list for PBXNativeTarget "Papyro" */;
			buildPhases = (
				52BD640A76AE3057D35F9077 /* Sources */,
			);
			buildRules = (
			);
			dependencies = (
			);
			name = Papyro;
			packageProductDependencies = (
			);
			productName = Papyro;
			productReference = 77805105CEDE1F8E7CD1C0D7 /* Papyro.app */;
			productType = "com.apple.product-type.application";
		};
		ED56DEA936DE198FA049EF22 /* PapyroTests */ = {
			isa = PBXNativeTarget;
			buildConfigurationList = 0C2555AD074B9BD62266F7BA /* Build configuration list for PBXNativeTarget "PapyroTests" */;
			buildPhases = (
				AB9E7C806791BFDE22465750 /* Sources */,
			);
			buildRules = (
			);
			dependencies = (
				59B642454228158CC4369314 /* PBXTargetDependency */,
			);
			name = PapyroTests;
			packageProductDependencies = (
			);
			productName = PapyroTests;
			productReference = 912C7E378D53C7A5731D3CDF /* PapyroTests.xctest */;
			productType = "com.apple.product-type.bundle.unit-test";
		};
/* End PBXNativeTarget section */

/* Begin PBXProject section */
		BC5456D28E60D20546816EA4 /* Project object */ = {
			isa = PBXProject;
			attributes = {
				BuildIndependentTargetsInParallel = YES;
				LastUpgradeCheck = 1600;
				TargetAttributes = {
				};
			};
			buildConfigurationList = 9A814B7FC9770AB8A1685299 /* Build configuration list for PBXProject "Papyro" */;
			developmentRegion = en;
			hasScannedForEncodings = 0;
			knownRegions = (
				Base,
				en,
			);
			mainGroup = 3D709BC8EF9E5E26DB9197AA;
			minimizedProjectReferenceProxies = 1;
			preferredProjectObjectVersion = 77;
			productRefGroup = 08A3B5FCBF00513059B41F33 /* Products */;
			projectDirPath = "";
			projectRoot = "";
			targets = (
				3200FBD69376141E779AEC44 /* Papyro */,
				ED56DEA936DE198FA049EF22 /* PapyroTests */,
			);
		};
/* End PBXProject section */

/* Begin PBXSourcesBuildPhase section */
		52BD640A76AE3057D35F9077 /* Sources */ = {
			isa = PBXSourcesBuildPhase;
			buildActionMask = 2147483647;
			files = (
				6E2CADF80197570ACD684891 /* AppState.swift in Sources */,
				627423BE04F642376F255E8F /* CrossRefProvider.swift in Sources */,
				0D05CD7BB8F7734D729BF02F /* DetailView.swift in Sources */,
				9CE48DBC792584BA1D4A4AC1 /* FallbackMetadataProvider.swift in Sources */,
				4D737F16735924A6C094AF5B /* FileService.swift in Sources */,
				0EF1AD10B1431FCB43024501 /* IdentifierParser.swift in Sources */,
				77E77352249518E245CCA518 /* ImportCoordinator.swift in Sources */,
				FB4685DB4F1D81A0540D5C72 /* IndexService.swift in Sources */,
				16DE6310023701284FA2747D /* LibraryConfig.swift in Sources */,
				7A786A94B6544D23ACBA0D84 /* ManagedSymlink.swift in Sources */,
				52DB4C091DF24E52CFF764CC /* LibraryManager.swift in Sources */,
				A37ADF65685C9E514D5654B1 /* MainView.swift in Sources */,
				94DFDCA77A8BE173BE1CE4EA /* MetadataProvider.swift in Sources */,
				D39C0E7DE291C86A03A9EF31 /* Paper.swift in Sources */,
				9D490A2E8F9B00121FD8A063 /* PaperListView.swift in Sources */,
				297174F53086436EB72F1E31 /* Project.swift in Sources */,
				CFD3A612789F4BB5A36F85B6 /* ProjectService.swift in Sources */,
				DF14EB6193DABC7414C887DD /* PaperMetadata.swift in Sources */,
				63586F658F0BE35C45B0E26D /* PaperRowView.swift in Sources */,
				13DF90BD37D14E4DA27E0EED /* ProjectChipsView.swift in Sources */,
				4221DBD7BD0060BCB9CC07FB /* PapyroApp.swift in Sources */,
				5E76603522514850231A7513 /* SemanticScholarProvider.swift in Sources */,
				FCC7EE5C9487490D885B9ED5 /* SymlinkService.swift in Sources */,
				D9C40E306EBC492D8CEE9B9B /* SidebarItem.swift in Sources */,
				7CA0F840A3AF4125B74C9235 /* PaperColumn.swift in Sources */,
				A3BCB5FC6C0862A446EA8197 /* SidebarView.swift in Sources */,
				A12210850766FC9BF3A8C544 /* TextExtractor.swift in Sources */,
				B2F59B298CD5FD0A04244E4A /* TranslationServerProvider.swift in Sources */,
				6F129F8EE62A52E1E70D8B4B /* WelcomeView.swift in Sources */,
				FE7D2945AB874478800FB0A3 /* NoteGenerator.swift in Sources */,
				3B1C2D4E5F6A7B8C9D0E1F2A /* ManagedSymlinkService.swift in Sources */,
				6D7E8F9A0B1C2D3E4F5A6B7C /* SettingsView.swift in Sources */,
				AA11223344556677889900AB /* FileSystemWatcher.swift in Sources */,
				EE11223344556677889900AB /* ExternalChangeCoordinator.swift in Sources */,
			);
			runOnlyForDeploymentPostprocessing = 0;
		};
		AB9E7C806791BFDE22465750 /* Sources */ = {
			isa = PBXSourcesBuildPhase;
			buildActionMask = 2147483647;
			files = (
				0B4E42A9ED4D9AB888F358A1 /* FallbackMetadataProviderTests.swift in Sources */,
				7DC679C915DD8F5F8082A3CF /* FileServiceTests.swift in Sources */,
				AE1ACEBFAA556ACADBA63079 /* IdentifierParserTests.swift in Sources */,
				714DFEE6266E57DFA91B82B6 /* ImportCoordinatorTests.swift in Sources */,
				AEF9CBDB11154820A2BD0B9C /* PendingResolutionTests.swift in Sources */,
				F34E149EA7959B0F9F784DD4 /* IndexServiceTests.swift in Sources */,
				63AE594589C29B477AFD2AED /* LibraryConfigTests.swift in Sources */,
				92FA9586FD273C216ECEA8A6 /* LibraryManagerTests.swift in Sources */,
				1503CF399738BB43C8B58367 /* PaperTests.swift in Sources */,
				01964181FBAD40F29881E967 /* ProjectTests.swift in Sources */,
				2F1EFB32C84C469CBFBDBCCC /* ProjectServiceTests.swift in Sources */,
				29DA84B1368A41D795D71DD4 /* SymlinkServiceTests.swift in Sources */,
				7B35EC4AE92E02879A635CE4 /* TextExtractorTests.swift in Sources */,
				84BBD87AA2DA43C18EE585C2 /* NoteGeneratorTests.swift in Sources */,
				4C5D6E7F8A9B0C1D2E3F4A5B /* ManagedSymlinkServiceTests.swift in Sources */,
				CC11223344556677889900AB /* FileSystemWatcherTests.swift in Sources */,
				EF11223344556677889900AB /* ExternalChangeCoordinatorTests.swift in Sources */,
			);
			runOnlyForDeploymentPostprocessing = 0;
		};
/* End PBXSourcesBuildPhase section */

/* Begin PBXTargetDependency section */
		59B642454228158CC4369314 /* PBXTargetDependency */ = {
			isa = PBXTargetDependency;
			target = 3200FBD69376141E779AEC44 /* Papyro */;
			targetProxy = DDE031B62D7D376F8AEAC0DF /* PBXContainerItemProxy */;
		};
/* End PBXTargetDependency section */

/* Begin XCBuildConfiguration section */
		61C4D01D893A07EC527B674B /* Release */ = {
			isa = XCBuildConfiguration;
			buildSettings = {
				ASSETCATALOG_COMPILER_APPICON_NAME = AppIcon;
				COMBINE_HIDPI_IMAGES = YES;
				CURRENT_PROJECT_VERSION = 1;
				GENERATE_INFOPLIST_FILE = YES;
				INFOPLIST_GENERATION_MODE = GeneratedByXcode;
				LD_RUNPATH_SEARCH_PATHS = (
					"$(inherited)",
					"@executable_path/../Frameworks",
				);
				MARKETING_VERSION = 0.1.0;
				PRODUCT_BUNDLE_IDENTIFIER = "com.allgemeiner-intellekt.Papyro";
				PRODUCT_NAME = Papyro;
				SDKROOT = macosx;
			};
			name = Release;
		};
		6F172CFEB7384C3D6306372C /* Release */ = {
			isa = XCBuildConfiguration;
			buildSettings = {
				BUNDLE_LOADER = "$(TEST_HOST)";
				COMBINE_HIDPI_IMAGES = YES;
				GENERATE_INFOPLIST_FILE = YES;
				LD_RUNPATH_SEARCH_PATHS = (
					"$(inherited)",
					"@executable_path/../Frameworks",
					"@loader_path/../Frameworks",
				);
				PRODUCT_BUNDLE_IDENTIFIER = "com.allgemeiner-intellekt.PapyroTests";
				SDKROOT = macosx;
				TEST_HOST = "$(BUILT_PRODUCTS_DIR)/Papyro.app/Contents/MacOS/Papyro";
			};
			name = Release;
		};
		73BE59DDDEE653866FC97070 /* Debug */ = {
			isa = XCBuildConfiguration;
			buildSettings = {
				BUNDLE_LOADER = "$(TEST_HOST)";
				COMBINE_HIDPI_IMAGES = YES;
				GENERATE_INFOPLIST_FILE = YES;
				LD_RUNPATH_SEARCH_PATHS = (
					"$(inherited)",
					"@executable_path/../Frameworks",
					"@loader_path/../Frameworks",
				);
				PRODUCT_BUNDLE_IDENTIFIER = "com.allgemeiner-intellekt.PapyroTests";
				SDKROOT = macosx;
				TEST_HOST = "$(BUILT_PRODUCTS_DIR)/Papyro.app/Contents/MacOS/Papyro";
			};
			name = Debug;
		};
		76BFD7D2C0A5D5E2F8CE0F77 /* Release */ = {
			isa = XCBuildConfiguration;
			buildSettings = {
				ALWAYS_SEARCH_USER_PATHS = NO;
				CLANG_ANALYZER_NONNULL = YES;
				CLANG_ANALYZER_NUMBER_OBJECT_CONVERSION = YES_AGGRESSIVE;
				CLANG_CXX_LANGUAGE_STANDARD = "gnu++14";
				CLANG_CXX_LIBRARY = "libc++";
				CLANG_ENABLE_MODULES = YES;
				CLANG_ENABLE_OBJC_ARC = YES;
				CLANG_ENABLE_OBJC_WEAK = YES;
				CLANG_WARN_BLOCK_CAPTURE_AUTORELEASING = YES;
				CLANG_WARN_BOOL_CONVERSION = YES;
				CLANG_WARN_COMMA = YES;
				CLANG_WARN_CONSTANT_CONVERSION = YES;
				CLANG_WARN_DEPRECATED_OBJC_IMPLEMENTATIONS = YES;
				CLANG_WARN_DIRECT_OBJC_ISA_USAGE = YES_ERROR;
				CLANG_WARN_DOCUMENTATION_COMMENTS = YES;
				CLANG_WARN_EMPTY_BODY = YES;
				CLANG_WARN_ENUM_CONVERSION = YES;
				CLANG_WARN_INFINITE_RECURSION = YES;
				CLANG_WARN_INT_CONVERSION = YES;
				CLANG_WARN_NON_LITERAL_NULL_CONVERSION = YES;
				CLANG_WARN_OBJC_IMPLICIT_RETAIN_SELF = YES;
				CLANG_WARN_OBJC_LITERAL_CONVERSION = YES;
				CLANG_WARN_OBJC_ROOT_CLASS = YES_ERROR;
				CLANG_WARN_QUOTED_INCLUDE_IN_FRAMEWORK_HEADER = YES;
				CLANG_WARN_RANGE_LOOP_ANALYSIS = YES;
				CLANG_WARN_STRICT_PROTOTYPES = YES;
				CLANG_WARN_SUSPICIOUS_MOVE = YES;
				CLANG_WARN_UNGUARDED_AVAILABILITY = YES_AGGRESSIVE;
				CLANG_WARN_UNREACHABLE_CODE = YES;
				CLANG_WARN__DUPLICATE_METHOD_MATCH = YES;
				COPY_PHASE_STRIP = NO;
				DEBUG_INFORMATION_FORMAT = "dwarf-with-dsym";
				ENABLE_NS_ASSERTIONS = NO;
				ENABLE_STRICT_OBJC_MSGSEND = YES;
				GCC_C_LANGUAGE_STANDARD = gnu11;
				GCC_NO_COMMON_BLOCKS = YES;
				GCC_WARN_64_TO_32_BIT_CONVERSION = YES;
				GCC_WARN_ABOUT_RETURN_TYPE = YES_ERROR;
				GCC_WARN_UNDECLARED_SELECTOR = YES;
				GCC_WARN_UNINITIALIZED_AUTOS = YES_AGGRESSIVE;
				GCC_WARN_UNUSED_FUNCTION = YES;
				GCC_WARN_UNUSED_VARIABLE = YES;
				MACOSX_DEPLOYMENT_TARGET = 15.0;
				MTL_ENABLE_DEBUG_INFO = NO;
				MTL_FAST_MATH = YES;
				PRODUCT_NAME = "$(TARGET_NAME)";
				SDKROOT = macosx;
				SWIFT_COMPILATION_MODE = wholemodule;
				SWIFT_OPTIMIZATION_LEVEL = "-O";
				SWIFT_VERSION = 6.0;
			};
			name = Release;
		};
		A6431C268F44FB7FFFFB60B1 /* Debug */ = {
			isa = XCBuildConfiguration;
			buildSettings = {
				ASSETCATALOG_COMPILER_APPICON_NAME = AppIcon;
				COMBINE_HIDPI_IMAGES = YES;
				CURRENT_PROJECT_VERSION = 1;
				GENERATE_INFOPLIST_FILE = YES;
				INFOPLIST_GENERATION_MODE = GeneratedByXcode;
				LD_RUNPATH_SEARCH_PATHS = (
					"$(inherited)",
					"@executable_path/../Frameworks",
				);
				MARKETING_VERSION = 0.1.0;
				PRODUCT_BUNDLE_IDENTIFIER = "com.allgemeiner-intellekt.Papyro";
				PRODUCT_NAME = Papyro;
				SDKROOT = macosx;
			};
			name = Debug;
		};
		CB75197B71D4FB4F91CE6776 /* Debug */ = {
			isa = XCBuildConfiguration;
			buildSettings = {
				ALWAYS_SEARCH_USER_PATHS = NO;
				CLANG_ANALYZER_NONNULL = YES;
				CLANG_ANALYZER_NUMBER_OBJECT_CONVERSION = YES_AGGRESSIVE;
				CLANG_CXX_LANGUAGE_STANDARD = "gnu++14";
				CLANG_CXX_LIBRARY = "libc++";
				CLANG_ENABLE_MODULES = YES;
				CLANG_ENABLE_OBJC_ARC = YES;
				CLANG_ENABLE_OBJC_WEAK = YES;
				CLANG_WARN_BLOCK_CAPTURE_AUTORELEASING = YES;
				CLANG_WARN_BOOL_CONVERSION = YES;
				CLANG_WARN_COMMA = YES;
				CLANG_WARN_CONSTANT_CONVERSION = YES;
				CLANG_WARN_DEPRECATED_OBJC_IMPLEMENTATIONS = YES;
				CLANG_WARN_DIRECT_OBJC_ISA_USAGE = YES_ERROR;
				CLANG_WARN_DOCUMENTATION_COMMENTS = YES;
				CLANG_WARN_EMPTY_BODY = YES;
				CLANG_WARN_ENUM_CONVERSION = YES;
				CLANG_WARN_INFINITE_RECURSION = YES;
				CLANG_WARN_INT_CONVERSION = YES;
				CLANG_WARN_NON_LITERAL_NULL_CONVERSION = YES;
				CLANG_WARN_OBJC_IMPLICIT_RETAIN_SELF = YES;
				CLANG_WARN_OBJC_LITERAL_CONVERSION = YES;
				CLANG_WARN_OBJC_ROOT_CLASS = YES_ERROR;
				CLANG_WARN_QUOTED_INCLUDE_IN_FRAMEWORK_HEADER = YES;
				CLANG_WARN_RANGE_LOOP_ANALYSIS = YES;
				CLANG_WARN_STRICT_PROTOTYPES = YES;
				CLANG_WARN_SUSPICIOUS_MOVE = YES;
				CLANG_WARN_UNGUARDED_AVAILABILITY = YES_AGGRESSIVE;
				CLANG_WARN_UNREACHABLE_CODE = YES;
				CLANG_WARN__DUPLICATE_METHOD_MATCH = YES;
				COPY_PHASE_STRIP = NO;
				DEBUG_INFORMATION_FORMAT = dwarf;
				ENABLE_STRICT_OBJC_MSGSEND = YES;
				ENABLE_TESTABILITY = YES;
				GCC_C_LANGUAGE_STANDARD = gnu11;
				GCC_DYNAMIC_NO_PIC = NO;
				GCC_NO_COMMON_BLOCKS = YES;
				GCC_OPTIMIZATION_LEVEL = 0;
				GCC_PREPROCESSOR_DEFINITIONS = (
					"$(inherited)",
					"DEBUG=1",
				);
				GCC_WARN_64_TO_32_BIT_CONVERSION = YES;
				GCC_WARN_ABOUT_RETURN_TYPE = YES_ERROR;
				GCC_WARN_UNDECLARED_SELECTOR = YES;
				GCC_WARN_UNINITIALIZED_AUTOS = YES_AGGRESSIVE;
				GCC_WARN_UNUSED_FUNCTION = YES;
				GCC_WARN_UNUSED_VARIABLE = YES;
				MACOSX_DEPLOYMENT_TARGET = 15.0;
				MTL_ENABLE_DEBUG_INFO = INCLUDE_SOURCE;
				MTL_FAST_MATH = YES;
				ONLY_ACTIVE_ARCH = YES;
				PRODUCT_NAME = "$(TARGET_NAME)";
				SDKROOT = macosx;
				SWIFT_ACTIVE_COMPILATION_CONDITIONS = DEBUG;
				SWIFT_OPTIMIZATION_LEVEL = "-Onone";
				SWIFT_VERSION = 6.0;
			};
			name = Debug;
		};
/* End XCBuildConfiguration section */

/* Begin XCConfigurationList section */
		0C2555AD074B9BD62266F7BA /* Build configuration list for PBXNativeTarget "PapyroTests" */ = {
			isa = XCConfigurationList;
			buildConfigurations = (
				73BE59DDDEE653866FC97070 /* Debug */,
				6F172CFEB7384C3D6306372C /* Release */,
			);
			defaultConfigurationIsVisible = 0;
			defaultConfigurationName = Debug;
		};
		5D391A081230475E56A13C66 /* Build configuration list for PBXNativeTarget "Papyro" */ = {
			isa = XCConfigurationList;
			buildConfigurations = (
				A6431C268F44FB7FFFFB60B1 /* Debug */,
				61C4D01D893A07EC527B674B /* Release */,
			);
			defaultConfigurationIsVisible = 0;
			defaultConfigurationName = Debug;
		};
		9A814B7FC9770AB8A1685299 /* Build configuration list for PBXProject "Papyro" */ = {
			isa = XCConfigurationList;
			buildConfigurations = (
				CB75197B71D4FB4F91CE6776 /* Debug */,
				76BFD7D2C0A5D5E2F8CE0F77 /* Release */,
			);
			defaultConfigurationIsVisible = 0;
			defaultConfigurationName = Debug;
		};
/* End XCConfigurationList section */
	};
	rootObject = BC5456D28E60D20546816EA4 /* Project object */;
}
